
Microsoft Visual Studio Solution File, Format Version 12.00
# Visual Studio 11
Project("{FAE04EC0-301F-11D3-BF4B-00C04F79EFBC}") = "jQueryMobileDemo.Web", "jQueryMobileDemo.Web\jQueryMobileDemo.Web.csproj", "{BC9F969F-CE1A-4894-BBE9-07CA398A3F21}"
EndProject
Global
	GlobalSection(TeamFoundationVersionControl) = preSolution
		SccEnterpriseProvider = {4CA58AB2-18FA-4F8D-95D4-32DDF27D184C}
		SccLocalPath0 = .
		SccLocalPath1 = jQueryMobileDemo.Web
		SccNumberOfProjects = 2
		SccProjectName1 = jQueryMobileDemo.Web
		SccProjectUniqueName1 = jQueryMobileDemo.Web\\jQueryMobileDemo.Web.csproj
		SccTeamFoundationServer = https://keburnell.tfspreview.com/defaultcollection
	EndGlobalSection
	GlobalSection(SolutionConfigurationPlatforms) = preSolution
		Debug|Any CPU = Debug|Any CPU
		Release|Any CPU = Release|Any CPU
	EndGlobalSection
	GlobalSection(ProjectConfigurationPlatforms) = postSolution
		{BC9F969F-CE1A-4894-BBE9-07CA398A3F21}.Debug|Any CPU.ActiveCfg = Debug|Any CPU
		{BC9F969F-CE1A-4894-BBE9-07CA398A3F21}.Debug|Any CPU.Build.0 = Debug|Any CPU
		{BC9F969F-CE1A-4894-BBE9-07CA398A3F21}.Release|Any CPU.ActiveCfg = Release|Any CPU
		{BC9F969F-CE1A-4894-BBE9-07CA398A3F21}.Release|Any CPU.Build.0 = Release|Any CPU
	EndGlobalSection
	GlobalSection(SolutionProperties) = preSolution
		HideSolutionNode = FALSE
	EndGlobalSection
EndGlobal
