
Microsoft Visual Studio Solution File, Format Version 12.00
# Visual Studio 11
Project("{00000000-0000-0000-0000-000000000000}") = "DreamCarsMVC3.Web", "DreamCarsMVC3.Web\DreamCarsMVC3.Web.csproj", "{BF118583-AC5B-471D-AEFC-60D0756FD402}"
EndProject
Project("{FAE04EC0-301F-11D3-BF4B-00C04F79EFBC}") = "DreamCarsMVC3.Models", "DreamCarsMVC3.Models\DreamCarsMVC3.Models.csproj", "{3EC4B1A5-541F-4BA6-8CF5-5DAD224BCB3A}"
EndProject
Project("{FAE04EC0-301F-11D3-BF4B-00C04F79EFBC}") = "DreamCarsMVC3.Data", "DreamCarsMVC3.Data\DreamCarsMVC3.Data.csproj", "{4A7CDD55-8E85-4E3B-BB0C-FFE39117B587}"
EndProject
Global
	GlobalSection(TeamFoundationVersionControl) = preSolution
		SccEnterpriseProvider = {4CA58AB2-18FA-4F8D-95D4-32DDF27D184C}
		SccLocalPath0 = .
		SccLocalPath1 = DreamCarsMVC3.Web
		SccLocalPath2 = DreamCarsMVC3.Models
		SccLocalPath3 = DreamCarsMVC3.Data
		SccNumberOfProjects = 4
		SccProjectName1 = DreamCarsMVC3.Web
		SccProjectName2 = DreamCarsMVC3.Models
		SccProjectName3 = DreamCarsMVC3.Data
		SccProjectUniqueName1 = DreamCarsMVC3.Web\\DreamCarsMVC3.Web.csproj
		SccProjectUniqueName2 = DreamCarsMVC3.Models\\DreamCarsMVC3.Models.csproj
		SccProjectUniqueName3 = DreamCarsMVC3.Data\\DreamCarsMVC3.Data.csproj
		SccTeamFoundationServer = https://keburnell.tfspreview.com/defaultcollection
	EndGlobalSection
	GlobalSection(SolutionConfigurationPlatforms) = preSolution
		Debug|Any CPU = Debug|Any CPU
		Release|Any CPU = Release|Any CPU
	EndGlobalSection
	GlobalSection(ProjectConfigurationPlatforms) = postSolution
		{3EC4B1A5-541F-4BA6-8CF5-5DAD224BCB3A}.Debug|Any CPU.ActiveCfg = Debug|Any CPU
		{3EC4B1A5-541F-4BA6-8CF5-5DAD224BCB3A}.Debug|Any CPU.Build.0 = Debug|Any CPU
		{3EC4B1A5-541F-4BA6-8CF5-5DAD224BCB3A}.Release|Any CPU.ActiveCfg = Release|Any CPU
		{3EC4B1A5-541F-4BA6-8CF5-5DAD224BCB3A}.Release|Any CPU.Build.0 = Release|Any CPU
		{4A7CDD55-8E85-4E3B-BB0C-FFE39117B587}.Debug|Any CPU.ActiveCfg = Debug|Any CPU
		{4A7CDD55-8E85-4E3B-BB0C-FFE39117B587}.Debug|Any CPU.Build.0 = Debug|Any CPU
		{4A7CDD55-8E85-4E3B-BB0C-FFE39117B587}.Release|Any CPU.ActiveCfg = Release|Any CPU
		{4A7CDD55-8E85-4E3B-BB0C-FFE39117B587}.Release|Any CPU.Build.0 = Release|Any CPU
		{BF118583-AC5B-471D-AEFC-60D0756FD402}.Debug|Any CPU.ActiveCfg = Debug|Any CPU
		{BF118583-AC5B-471D-AEFC-60D0756FD402}.Debug|Any CPU.Build.0 = Debug|Any CPU
		{BF118583-AC5B-471D-AEFC-60D0756FD402}.Release|Any CPU.ActiveCfg = Release|Any CPU
		{BF118583-AC5B-471D-AEFC-60D0756FD402}.Release|Any CPU.Build.0 = Release|Any CPU
	EndGlobalSection
	GlobalSection(SolutionProperties) = preSolution
		HideSolutionNode = FALSE
	EndGlobalSection
EndGlobal
